
Microsoft Visual Studio Solution File, Format Version 12.00
# Visual Studio Version 17
VisualStudioVersion = 17.13.35931.197 d17.13
MinimumVisualStudioVersion = 10.0.40219.1
Project("{FAE04EC0-301F-11D3-BF4B-00C04F79EFBC}") = "Condicionales", "Condicionales\Condicionales.csproj", "{20F8902B-E0F0-43F7-97E7-1BAA48BC5822}"
EndProject
Global
	GlobalSection(SolutionConfigurationPlatforms) = preSolution
		Debug|Any CPU = Debug|Any CPU
		Release|Any CPU = Release|Any CPU
	EndGlobalSection
	GlobalSection(ProjectConfigurationPlatforms) = postSolution
		{20F8902B-E0F0-43F7-97E7-1BAA48BC5822}.Debug|Any CPU.ActiveCfg = Debug|Any CPU
		{20F8902B-E0F0-43F7-97E7-1BAA48BC5822}.Debug|Any CPU.Build.0 = Debug|Any CPU
		{20F8902B-E0F0-43F7-97E7-1BAA48BC5822}.Release|Any CPU.ActiveCfg = Release|Any CPU
		{20F8902B-E0F0-43F7-97E7-1BAA48BC5822}.Release|Any CPU.Build.0 = Release|Any CPU
	EndGlobalSection
	GlobalSection(SolutionProperties) = preSolution
		HideSolutionNode = FALSE
	EndGlobalSection
	GlobalSection(ExtensibilityGlobals) = postSolution
		SolutionGuid = {D6329194-C7B9-4957-B610-84A1393D8FF6}
	EndGlobalSection
EndGlobal
